
Microsoft Visual Studio Solution File, Format Version 12.00
Project("{FAE04EC0-301F-11D3-BF4B-00C04F79EFBC}") = "Beyond the Stars", "Beyond the Stars\Beyond the Stars.csproj", "{0FD3BBD3-74C0-4377-93F7-2F4EA5523751}"
EndProject
Global
	GlobalSection(SolutionConfigurationPlatforms) = preSolution
		Debug|Any CPU = Debug|Any CPU
		Release|Any CPU = Release|Any CPU
	EndGlobalSection
	GlobalSection(ProjectConfigurationPlatforms) = postSolution
		{0FD3BBD3-74C0-4377-93F7-2F4EA5523751}.Debug|Any CPU.ActiveCfg = Debug|Any CPU
		{0FD3BBD3-74C0-4377-93F7-2F4EA5523751}.Debug|Any CPU.Build.0 = Debug|Any CPU
		{0FD3BBD3-74C0-4377-93F7-2F4EA5523751}.Release|Any CPU.ActiveCfg = Release|Any CPU
		{0FD3BBD3-74C0-4377-93F7-2F4EA5523751}.Release|Any CPU.Build.0 = Release|Any CPU
	EndGlobalSection
EndGlobal
